
Microsoft Visual Studio Solution File, Format Version 12.00
# Visual Studio Version 17
VisualStudioVersion = 17.14.36327.8 d17.14
MinimumVisualStudioVersion = 10.0.40219.1
Project("{FAE04EC0-301F-11D3-BF4B-00C04F79EFBC}") = "Soundcloud", "Soundcloud\Soundcloud.csproj", "{3049B868-E2E7-441E-84FC-0C4590AA1B26}"
EndProject
Global
	GlobalSection(SolutionConfigurationPlatforms) = preSolution
		Debug|Any CPU = Debug|Any CPU
		Release|Any CPU = Release|Any CPU
	EndGlobalSection
	GlobalSection(ProjectConfigurationPlatforms) = postSolution
		{3049B868-E2E7-441E-84FC-0C4590AA1B26}.Debug|Any CPU.ActiveCfg = Debug|Any CPU
		{3049B868-E2E7-441E-84FC-0C4590AA1B26}.Debug|Any CPU.Build.0 = Debug|Any CPU
		{3049B868-E2E7-441E-84FC-0C4590AA1B26}.Release|Any CPU.ActiveCfg = Release|Any CPU
		{3049B868-E2E7-441E-84FC-0C4590AA1B26}.Release|Any CPU.Build.0 = Release|Any CPU
	EndGlobalSection
	GlobalSection(SolutionProperties) = preSolution
		HideSolutionNode = FALSE
	EndGlobalSection
	GlobalSection(ExtensibilityGlobals) = postSolution
		SolutionGuid = {ED448AAC-1364-4CD8-9193-BE0D057911BB}
	EndGlobalSection
EndGlobal
